
Microsoft Visual Studio Solution File, Format Version 12.00
# Visual Studio Version 18
VisualStudioVersion = 18.3.11310.294 d18.3
MinimumVisualStudioVersion = 10.0.40219.1
Project("{9A19103F-16F7-4668-BE54-9A1E7A4F7556}") = "DotNet.Library.Tests", "tests\DotNet.Library.Tests.csproj", "{64517ECF-CC44-483D-A31D-A785DAC3165D}"
EndProject
Project("{FAE04EC0-301F-11D3-BF4B-00C04F79EFBC}") = "DotNet.Library", "src\DotNet.Library.csproj", "{2321A167-EB4F-4626-91E8-7EA15BCB1DBA}"
EndProject
Global
	GlobalSection(SolutionConfigurationPlatforms) = preSolution
		Debug|Any CPU = Debug|Any CPU
		dev|Any CPU = dev|Any CPU
		prod|Any CPU = prod|Any CPU
		Release|Any CPU = Release|Any CPU
		uat|Any CPU = uat|Any CPU
	EndGlobalSection
	GlobalSection(ProjectConfigurationPlatforms) = postSolution
		{64517ECF-CC44-483D-A31D-A785DAC3165D}.Debug|Any CPU.ActiveCfg = Debug|Any CPU
		{64517ECF-CC44-483D-A31D-A785DAC3165D}.Debug|Any CPU.Build.0 = Debug|Any CPU
		{64517ECF-CC44-483D-A31D-A785DAC3165D}.dev|Any CPU.ActiveCfg = Debug|Any CPU
		{64517ECF-CC44-483D-A31D-A785DAC3165D}.dev|Any CPU.Build.0 = Debug|Any CPU
		{64517ECF-CC44-483D-A31D-A785DAC3165D}.prod|Any CPU.ActiveCfg = Debug|Any CPU
		{64517ECF-CC44-483D-A31D-A785DAC3165D}.prod|Any CPU.Build.0 = Debug|Any CPU
		{64517ECF-CC44-483D-A31D-A785DAC3165D}.Release|Any CPU.ActiveCfg = Release|Any CPU
		{64517ECF-CC44-483D-A31D-A785DAC3165D}.Release|Any CPU.Build.0 = Release|Any CPU
		{64517ECF-CC44-483D-A31D-A785DAC3165D}.uat|Any CPU.ActiveCfg = Debug|Any CPU
		{64517ECF-CC44-483D-A31D-A785DAC3165D}.uat|Any CPU.Build.0 = Debug|Any CPU
		{2321A167-EB4F-4626-91E8-7EA15BCB1DBA}.Debug|Any CPU.ActiveCfg = Debug|Any CPU
		{2321A167-EB4F-4626-91E8-7EA15BCB1DBA}.Debug|Any CPU.Build.0 = Debug|Any CPU
		{2321A167-EB4F-4626-91E8-7EA15BCB1DBA}.dev|Any CPU.ActiveCfg = Release|Any CPU
		{2321A167-EB4F-4626-91E8-7EA15BCB1DBA}.dev|Any CPU.Build.0 = Release|Any CPU
		{2321A167-EB4F-4626-91E8-7EA15BCB1DBA}.prod|Any CPU.ActiveCfg = Debug|Any CPU
		{2321A167-EB4F-4626-91E8-7EA15BCB1DBA}.prod|Any CPU.Build.0 = Debug|Any CPU
		{2321A167-EB4F-4626-91E8-7EA15BCB1DBA}.Release|Any CPU.ActiveCfg = Release|Any CPU
		{2321A167-EB4F-4626-91E8-7EA15BCB1DBA}.Release|Any CPU.Build.0 = Release|Any CPU
		{2321A167-EB4F-4626-91E8-7EA15BCB1DBA}.uat|Any CPU.ActiveCfg = Debug|Any CPU
		{2321A167-EB4F-4626-91E8-7EA15BCB1DBA}.uat|Any CPU.Build.0 = Debug|Any CPU
	EndGlobalSection
	GlobalSection(SolutionProperties) = preSolution
		HideSolutionNode = FALSE
	EndGlobalSection
	GlobalSection(NestedProjects) = preSolution
	EndGlobalSection
	GlobalSection(ExtensibilityGlobals) = postSolution
		SolutionGuid = {CEA6807A-CB05-4147-9DD2-BA1242AEC55C}
	EndGlobalSection
EndGlobal
